
Microsoft Visual Studio Solution File, Format Version 12.00
# Visual Studio Version 17
VisualStudioVersion = 17.7.34221.43
MinimumVisualStudioVersion = 10.0.40219.1
Project("{FAE04EC0-301F-11D3-BF4B-00C04F79EFBC}") = "EjercicioB", "EjercicioB\EjercicioB.csproj", "{FF69A6D1-DCAC-4728-8E95-744F12DA5AD4}"
EndProject
Global
	GlobalSection(SolutionConfigurationPlatforms) = preSolution
		Debug|Any CPU = Debug|Any CPU
		Release|Any CPU = Release|Any CPU
	EndGlobalSection
	GlobalSection(ProjectConfigurationPlatforms) = postSolution
		{FF69A6D1-DCAC-4728-8E95-744F12DA5AD4}.Debug|Any CPU.ActiveCfg = Debug|Any CPU
		{FF69A6D1-DCAC-4728-8E95-744F12DA5AD4}.Debug|Any CPU.Build.0 = Debug|Any CPU
		{FF69A6D1-DCAC-4728-8E95-744F12DA5AD4}.Release|Any CPU.ActiveCfg = Release|Any CPU
		{FF69A6D1-DCAC-4728-8E95-744F12DA5AD4}.Release|Any CPU.Build.0 = Release|Any CPU
	EndGlobalSection
	GlobalSection(SolutionProperties) = preSolution
		HideSolutionNode = FALSE
	EndGlobalSection
	GlobalSection(ExtensibilityGlobals) = postSolution
		SolutionGuid = {B776F9F7-983F-4293-80C4-11116DCE6852}
	EndGlobalSection
EndGlobal
